
Microsoft Visual Studio Solution File, Format Version 12.00
# Visual Studio Version 17
VisualStudioVersion = 17.7.34302.85
MinimumVisualStudioVersion = 10.0.40219.1
Project("{FAE04EC0-301F-11D3-BF4B-00C04F79EFBC}") = "BranchingAlgorithms", "BranchingAlgorithms\BranchingAlgorithms.csproj", "{2E2AE408-A624-42E5-8AF5-65E34BF07FFB}"
EndProject
Project("{FAE04EC0-301F-11D3-BF4B-00C04F79EFBC}") = "1_задача", "1_задача\1_задача.csproj", "{B5FC2497-468E-4617-A9A5-373CA0D8E615}"
EndProject
Project("{FAE04EC0-301F-11D3-BF4B-00C04F79EFBC}") = "2_задача", "2_задача\2_задача.csproj", "{F3416EE3-E1CF-43CB-A66F-4CA7E1468719}"
EndProject
Project("{FAE04EC0-301F-11D3-BF4B-00C04F79EFBC}") = "Индивидуальное задание №1(вариант 20)", "Индивидуальное задание №1(вариант 20)\Индивидуальное задание №1(вариант 20).csproj", "{8014D7B2-AB08-410F-816A-3B334AA3E0B6}"
EndProject
Project("{FAE04EC0-301F-11D3-BF4B-00C04F79EFBC}") = "Индивидуальное задание №2(вариант 20)", "Индивидуальное задание №2(вариант 20)\Индивидуальное задание №2(вариант 20).csproj", "{25E492C6-3C13-42F2-AD59-AB441BB93D7D}"
EndProject
Project("{9A19103F-16F7-4668-BE54-9A1E7A4F7556}") = "MaxNumber", "MaxNumber\MaxNumber.csproj", "{63FF3ABE-49F4-43D6-AF13-094450337834}"
EndProject
Project("{FAE04EC0-301F-11D3-BF4B-00C04F79EFBC}") = "Exercise2", "ConsoleApp1\Exercise2.csproj", "{10A146F7-4167-4157-BF7D-780C185EB826}"
EndProject
Project("{FAE04EC0-301F-11D3-BF4B-00C04F79EFBC}") = "Индивидуальная задача 1 РАЗДЕЛ 2.2", "Индивидуальная задача 1 РАЗДЕЛ 2.2\Индивидуальная задача 1 РАЗДЕЛ 2.2.csproj", "{93CD90B8-30D0-4609-BF94-DCCA1FA1D5F3}"
EndProject
Global
	GlobalSection(SolutionConfigurationPlatforms) = preSolution
		Debug|Any CPU = Debug|Any CPU
		Release|Any CPU = Release|Any CPU
	EndGlobalSection
	GlobalSection(ProjectConfigurationPlatforms) = postSolution
		{2E2AE408-A624-42E5-8AF5-65E34BF07FFB}.Debug|Any CPU.ActiveCfg = Debug|Any CPU
		{2E2AE408-A624-42E5-8AF5-65E34BF07FFB}.Debug|Any CPU.Build.0 = Debug|Any CPU
		{2E2AE408-A624-42E5-8AF5-65E34BF07FFB}.Release|Any CPU.ActiveCfg = Release|Any CPU
		{2E2AE408-A624-42E5-8AF5-65E34BF07FFB}.Release|Any CPU.Build.0 = Release|Any CPU
		{B5FC2497-468E-4617-A9A5-373CA0D8E615}.Debug|Any CPU.ActiveCfg = Debug|Any CPU
		{B5FC2497-468E-4617-A9A5-373CA0D8E615}.Debug|Any CPU.Build.0 = Debug|Any CPU
		{B5FC2497-468E-4617-A9A5-373CA0D8E615}.Release|Any CPU.ActiveCfg = Release|Any CPU
		{B5FC2497-468E-4617-A9A5-373CA0D8E615}.Release|Any CPU.Build.0 = Release|Any CPU
		{F3416EE3-E1CF-43CB-A66F-4CA7E1468719}.Debug|Any CPU.ActiveCfg = Debug|Any CPU
		{F3416EE3-E1CF-43CB-A66F-4CA7E1468719}.Debug|Any CPU.Build.0 = Debug|Any CPU
		{F3416EE3-E1CF-43CB-A66F-4CA7E1468719}.Release|Any CPU.ActiveCfg = Release|Any CPU
		{F3416EE3-E1CF-43CB-A66F-4CA7E1468719}.Release|Any CPU.Build.0 = Release|Any CPU
		{8014D7B2-AB08-410F-816A-3B334AA3E0B6}.Debug|Any CPU.ActiveCfg = Debug|Any CPU
		{8014D7B2-AB08-410F-816A-3B334AA3E0B6}.Debug|Any CPU.Build.0 = Debug|Any CPU
		{8014D7B2-AB08-410F-816A-3B334AA3E0B6}.Release|Any CPU.ActiveCfg = Release|Any CPU
		{8014D7B2-AB08-410F-816A-3B334AA3E0B6}.Release|Any CPU.Build.0 = Release|Any CPU
		{25E492C6-3C13-42F2-AD59-AB441BB93D7D}.Debug|Any CPU.ActiveCfg = Debug|Any CPU
		{25E492C6-3C13-42F2-AD59-AB441BB93D7D}.Debug|Any CPU.Build.0 = Debug|Any CPU
		{25E492C6-3C13-42F2-AD59-AB441BB93D7D}.Release|Any CPU.ActiveCfg = Release|Any CPU
		{25E492C6-3C13-42F2-AD59-AB441BB93D7D}.Release|Any CPU.Build.0 = Release|Any CPU
		{63FF3ABE-49F4-43D6-AF13-094450337834}.Debug|Any CPU.ActiveCfg = Debug|Any CPU
		{63FF3ABE-49F4-43D6-AF13-094450337834}.Debug|Any CPU.Build.0 = Debug|Any CPU
		{63FF3ABE-49F4-43D6-AF13-094450337834}.Release|Any CPU.ActiveCfg = Release|Any CPU
		{63FF3ABE-49F4-43D6-AF13-094450337834}.Release|Any CPU.Build.0 = Release|Any CPU
		{10A146F7-4167-4157-BF7D-780C185EB826}.Debug|Any CPU.ActiveCfg = Debug|Any CPU
		{10A146F7-4167-4157-BF7D-780C185EB826}.Debug|Any CPU.Build.0 = Debug|Any CPU
		{10A146F7-4167-4157-BF7D-780C185EB826}.Release|Any CPU.ActiveCfg = Release|Any CPU
		{10A146F7-4167-4157-BF7D-780C185EB826}.Release|Any CPU.Build.0 = Release|Any CPU
		{93CD90B8-30D0-4609-BF94-DCCA1FA1D5F3}.Debug|Any CPU.ActiveCfg = Debug|Any CPU
		{93CD90B8-30D0-4609-BF94-DCCA1FA1D5F3}.Debug|Any CPU.Build.0 = Debug|Any CPU
		{93CD90B8-30D0-4609-BF94-DCCA1FA1D5F3}.Release|Any CPU.ActiveCfg = Release|Any CPU
		{93CD90B8-30D0-4609-BF94-DCCA1FA1D5F3}.Release|Any CPU.Build.0 = Release|Any CPU
	EndGlobalSection
	GlobalSection(SolutionProperties) = preSolution
		HideSolutionNode = FALSE
	EndGlobalSection
	GlobalSection(ExtensibilityGlobals) = postSolution
		SolutionGuid = {9DEB88E0-0EBA-4F56-9181-1B7A4D142B17}
	EndGlobalSection
EndGlobal
